
Microsoft Visual Studio Solution File, Format Version 12.00
# Visual Studio Version 16
VisualStudioVersion = 16.0.30523.141
MinimumVisualStudioVersion = 10.0.40219.1
Project("{FAE04EC0-301F-11D3-BF4B-00C04F79EFBC}") = "Metotlar", "Metotlar\Metotlar.csproj", "{A412014B-D21B-40D8-BC47-E123D1AEF98C}"
EndProject
Project("{FAE04EC0-301F-11D3-BF4B-00C04F79EFBC}") = "Matematik", "Matematik\Matematik.csproj", "{8A815604-71CC-43E6-BB26-03AEE9DB003D}"
EndProject
Global
	GlobalSection(SolutionConfigurationPlatforms) = preSolution
		Debug|Any CPU = Debug|Any CPU
		Release|Any CPU = Release|Any CPU
	EndGlobalSection
	GlobalSection(ProjectConfigurationPlatforms) = postSolution
		{A412014B-D21B-40D8-BC47-E123D1AEF98C}.Debug|Any CPU.ActiveCfg = Debug|Any CPU
		{A412014B-D21B-40D8-BC47-E123D1AEF98C}.Debug|Any CPU.Build.0 = Debug|Any CPU
		{A412014B-D21B-40D8-BC47-E123D1AEF98C}.Release|Any CPU.ActiveCfg = Release|Any CPU
		{A412014B-D21B-40D8-BC47-E123D1AEF98C}.Release|Any CPU.Build.0 = Release|Any CPU
		{8A815604-71CC-43E6-BB26-03AEE9DB003D}.Debug|Any CPU.ActiveCfg = Debug|Any CPU
		{8A815604-71CC-43E6-BB26-03AEE9DB003D}.Debug|Any CPU.Build.0 = Debug|Any CPU
		{8A815604-71CC-43E6-BB26-03AEE9DB003D}.Release|Any CPU.ActiveCfg = Release|Any CPU
		{8A815604-71CC-43E6-BB26-03AEE9DB003D}.Release|Any CPU.Build.0 = Release|Any CPU
	EndGlobalSection
	GlobalSection(SolutionProperties) = preSolution
		HideSolutionNode = FALSE
	EndGlobalSection
	GlobalSection(ExtensibilityGlobals) = postSolution
		SolutionGuid = {A1895C99-CAFD-4685-B62A-094FCC24C8B8}
	EndGlobalSection
EndGlobal
